
Microsoft Visual Studio Solution File, Format Version 12.00
Project("{8BC9CEB8-8B4A-11D0-8D11-00A0C91BC942}") = "Modificatore1", "Modificatore1\Modificatore1.vcxproj", "{B577C214-7D4D-46D1-846D-582A479B24A4}"
EndProject
Global
	GlobalSection(SolutionConfigurationPlatforms) = preSolution
		Debug|Win32 = Debug|Win32
		Debug|x64 = Debug|x64
		Release|Win32 = Release|Win32
		Release|x64 = Release|x64
	EndGlobalSection
	GlobalSection(ProjectConfigurationPlatforms) = postSolution
		{B577C214-7D4D-46D1-846D-582A479B24A4}.Debug|Win32.ActiveCfg = Debug|Win32
		{B577C214-7D4D-46D1-846D-582A479B24A4}.Debug|Win32.Build.0 = Debug|Win32
		{B577C214-7D4D-46D1-846D-582A479B24A4}.Debug|x64.ActiveCfg = Debug|x64
		{B577C214-7D4D-46D1-846D-582A479B24A4}.Debug|x64.Build.0 = Debug|x64
		{B577C214-7D4D-46D1-846D-582A479B24A4}.Release|Win32.ActiveCfg = Release|Win32
		{B577C214-7D4D-46D1-846D-582A479B24A4}.Release|Win32.Build.0 = Release|Win32
		{B577C214-7D4D-46D1-846D-582A479B24A4}.Release|x64.ActiveCfg = Release|x64
		{B577C214-7D4D-46D1-846D-582A479B24A4}.Release|x64.Build.0 = Release|x64
	EndGlobalSection
EndGlobal
